
Microsoft Visual Studio Solution File, Format Version 12.00
# Visual Studio 15
VisualStudioVersion = 15.0.27130.2027
MinimumVisualStudioVersion = 10.0.40219.1
Project("{FAE04EC0-301F-11D3-BF4B-00C04F79EFBC}") = "Zemlianenko_Task_2", "Zemlianenko_Task_2.csproj", "{3422F128-ABAC-40B8-8B81-FE4BD113596F}"
EndProject
Global
	GlobalSection(SolutionConfigurationPlatforms) = preSolution
		Debug|Any CPU = Debug|Any CPU
		Release|Any CPU = Release|Any CPU
	EndGlobalSection
	GlobalSection(ProjectConfigurationPlatforms) = postSolution
		{3422F128-ABAC-40B8-8B81-FE4BD113596F}.Debug|Any CPU.ActiveCfg = Debug|Any CPU
		{3422F128-ABAC-40B8-8B81-FE4BD113596F}.Debug|Any CPU.Build.0 = Debug|Any CPU
		{3422F128-ABAC-40B8-8B81-FE4BD113596F}.Release|Any CPU.ActiveCfg = Release|Any CPU
		{3422F128-ABAC-40B8-8B81-FE4BD113596F}.Release|Any CPU.Build.0 = Release|Any CPU
	EndGlobalSection
	GlobalSection(SolutionProperties) = preSolution
		HideSolutionNode = FALSE
	EndGlobalSection
	GlobalSection(ExtensibilityGlobals) = postSolution
		SolutionGuid = {D717ACCB-CFD7-48AC-BDE6-1F3594B4576F}
	EndGlobalSection
EndGlobal
